
Microsoft Visual Studio Solution File, Format Version 12.00
# Visual Studio Version 16
VisualStudioVersion = 16.0.30907.101
MinimumVisualStudioVersion = 10.0.40219.1
Project("{FAE04EC0-301F-11D3-BF4B-00C04F79EFBC}") = "P03_FootballBetting", "P03_FootballBetting\P03_FootballBetting.csproj", "{B9F304E6-31AF-4E46-9C86-AF3F7D465DBF}"
EndProject
Project("{FAE04EC0-301F-11D3-BF4B-00C04F79EFBC}") = "P03_FootballBetting.Data", "P03_FootballBetting.Data\P03_FootballBetting.Data.csproj", "{F62C58A2-C77E-4194-8D86-B8C75DA74FCD}"
EndProject
Project("{FAE04EC0-301F-11D3-BF4B-00C04F79EFBC}") = "P03_FootballBetting.Data.Models", "P03_FootballBetting.Data.Models\P03_FootballBetting.Data.Models.csproj", "{48ECB593-AAE0-4EFA-9D9A-3F80442C2F91}"
EndProject
Global
	GlobalSection(SolutionConfigurationPlatforms) = preSolution
		Debug|Any CPU = Debug|Any CPU
		Release|Any CPU = Release|Any CPU
	EndGlobalSection
	GlobalSection(ProjectConfigurationPlatforms) = postSolution
		{B9F304E6-31AF-4E46-9C86-AF3F7D465DBF}.Debug|Any CPU.ActiveCfg = Debug|Any CPU
		{B9F304E6-31AF-4E46-9C86-AF3F7D465DBF}.Debug|Any CPU.Build.0 = Debug|Any CPU
		{B9F304E6-31AF-4E46-9C86-AF3F7D465DBF}.Release|Any CPU.ActiveCfg = Release|Any CPU
		{B9F304E6-31AF-4E46-9C86-AF3F7D465DBF}.Release|Any CPU.Build.0 = Release|Any CPU
		{F62C58A2-C77E-4194-8D86-B8C75DA74FCD}.Debug|Any CPU.ActiveCfg = Debug|Any CPU
		{F62C58A2-C77E-4194-8D86-B8C75DA74FCD}.Debug|Any CPU.Build.0 = Debug|Any CPU
		{F62C58A2-C77E-4194-8D86-B8C75DA74FCD}.Release|Any CPU.ActiveCfg = Release|Any CPU
		{F62C58A2-C77E-4194-8D86-B8C75DA74FCD}.Release|Any CPU.Build.0 = Release|Any CPU
		{48ECB593-AAE0-4EFA-9D9A-3F80442C2F91}.Debug|Any CPU.ActiveCfg = Debug|Any CPU
		{48ECB593-AAE0-4EFA-9D9A-3F80442C2F91}.Debug|Any CPU.Build.0 = Debug|Any CPU
		{48ECB593-AAE0-4EFA-9D9A-3F80442C2F91}.Release|Any CPU.ActiveCfg = Release|Any CPU
		{48ECB593-AAE0-4EFA-9D9A-3F80442C2F91}.Release|Any CPU.Build.0 = Release|Any CPU
	EndGlobalSection
	GlobalSection(SolutionProperties) = preSolution
		HideSolutionNode = FALSE
	EndGlobalSection
	GlobalSection(ExtensibilityGlobals) = postSolution
		SolutionGuid = {9684CD59-9088-495C-B324-C3D7D52D3716}
	EndGlobalSection
EndGlobal
