
Microsoft Visual Studio Solution File, Format Version 12.00
# Visual Studio Version 16
VisualStudioVersion = 16.0.30907.101
MinimumVisualStudioVersion = 10.0.40219.1
Project("{9A19103F-16F7-4668-BE54-9A1E7A4F7556}") = "P03_SalesDatabase", "P03_SalesDatabase\P03_SalesDatabase.csproj", "{1E585E93-362C-4EC5-BA91-51A6CDC4812F}"
EndProject
Global
	GlobalSection(SolutionConfigurationPlatforms) = preSolution
		Debug|Any CPU = Debug|Any CPU
		Release|Any CPU = Release|Any CPU
	EndGlobalSection
	GlobalSection(ProjectConfigurationPlatforms) = postSolution
		{1E585E93-362C-4EC5-BA91-51A6CDC4812F}.Debug|Any CPU.ActiveCfg = Debug|Any CPU
		{1E585E93-362C-4EC5-BA91-51A6CDC4812F}.Debug|Any CPU.Build.0 = Debug|Any CPU
		{1E585E93-362C-4EC5-BA91-51A6CDC4812F}.Release|Any CPU.ActiveCfg = Release|Any CPU
		{1E585E93-362C-4EC5-BA91-51A6CDC4812F}.Release|Any CPU.Build.0 = Release|Any CPU
	EndGlobalSection
	GlobalSection(SolutionProperties) = preSolution
		HideSolutionNode = FALSE
	EndGlobalSection
	GlobalSection(ExtensibilityGlobals) = postSolution
		SolutionGuid = {BE64FEF5-CB6F-4EA7-848B-2C12A9091970}
	EndGlobalSection
EndGlobal
