
Microsoft Visual Studio Solution File, Format Version 12.00
# Visual Studio Version 16
VisualStudioVersion = 16.0.30907.101
MinimumVisualStudioVersion = 10.0.40219.1
Project("{FAE04EC0-301F-11D3-BF4B-00C04F79EFBC}") = "P01_StudentSystem", "P01_StudentSystem\P01_StudentSystem.csproj", "{43FDA538-E5C5-4487-9AFA-895BD3B78FA8}"
EndProject
Global
	GlobalSection(SolutionConfigurationPlatforms) = preSolution
		Debug|Any CPU = Debug|Any CPU
		Release|Any CPU = Release|Any CPU
	EndGlobalSection
	GlobalSection(ProjectConfigurationPlatforms) = postSolution
		{43FDA538-E5C5-4487-9AFA-895BD3B78FA8}.Debug|Any CPU.ActiveCfg = Debug|Any CPU
		{43FDA538-E5C5-4487-9AFA-895BD3B78FA8}.Debug|Any CPU.Build.0 = Debug|Any CPU
		{43FDA538-E5C5-4487-9AFA-895BD3B78FA8}.Release|Any CPU.ActiveCfg = Release|Any CPU
		{43FDA538-E5C5-4487-9AFA-895BD3B78FA8}.Release|Any CPU.Build.0 = Release|Any CPU
	EndGlobalSection
	GlobalSection(SolutionProperties) = preSolution
		HideSolutionNode = FALSE
	EndGlobalSection
	GlobalSection(ExtensibilityGlobals) = postSolution
		SolutionGuid = {1FF37CDB-62F6-4418-B535-1B19DB9C1625}
	EndGlobalSection
EndGlobal
